# THIS IS AN AUTOGENERATED FILE. DO NOT EDIT THIS FILE DIRECTLY.
# yarn lockfile v1


"@noble/hashes@^1.2.0":
  version "1.8.0"
  resolved "https://registry.yarnpkg.com/@noble/hashes/-/hashes-1.8.0.tgz#cee43d801fcef9644b11b8194857695acd5f815a"
  integrity sha512-jCs9ldd7NwzpgXDIf6P3+NrHh9/sD6CQdxHyjQI+h/6rDNo88ypBxxz45UDuZHz9r3tNz7N/VInSVoVdtXEI4A==

base-x@^5.0.0:
  version "5.0.1"
  resolved "https://registry.yarnpkg.com/base-x/-/base-x-5.0.1.tgz#16bf35254be1df8aca15e36b7c1dda74b2aa6b03"
  integrity sha512-M7uio8Zt++eg3jPj+rHMfCC+IuygQHHCOU+IYsVtik6FWjuYpVt/+MRKcgsAMHh8mMFAwnB+Bs+mTrFiXjMzKg==

bech32@^2.0.0:
  version "2.0.0"
  resolved "https://registry.yarnpkg.com/bech32/-/bech32-2.0.0.tgz#078d3686535075c8c79709f054b1b226a133b355"
  integrity sha512-LcknSilhIGatDAsY1ak2I8VtGaHNhgMSYVxFrGLXv+xLHytaKZKcaUJJUE7qmBr7h33o5YQwP55pMI0xmkpJwg==

bip174@^3.0.0:
  version "3.0.0"
  resolved "https://registry.yarnpkg.com/bip174/-/bip174-3.0.0.tgz#fbf60cc7a6e39dde17afdda0cf1a27e5508ae075"
  integrity sha512-N3vz3rqikLEu0d6yQL8GTrSkpYb35NQKWMR7Hlza0lOj6ZOlvQ3Xr7N9Y+JPebaCVoEUHdBeBSuLxcHr71r+Lw==
  dependencies:
    uint8array-tools "^0.0.9"
    varuint-bitcoin "^2.0.0"

bitcoinjs-lib@^7.0.0:
  version "7.0.0"
  resolved "https://registry.yarnpkg.com/bitcoinjs-lib/-/bitcoinjs-lib-7.0.0.tgz#0bea06c164b9048b4453914507514ed7ee3018c2"
  integrity sha512-2W6dGXFd1KG3Bs90Bzb5+ViCeSKNIYkCUWZ4cvUzUgwnneiNNZ6Sk8twGNcjlesmxC0JyLc/958QycfpvXLg7A==
  dependencies:
    "@noble/hashes" "^1.2.0"
    bech32 "^2.0.0"
    bip174 "^3.0.0"
    bs58check "^4.0.0"
    uint8array-tools "^0.0.9"
    valibot "^0.38.0"
    varuint-bitcoin "^2.0.0"

bs58@^6.0.0:
  version "6.0.0"
  resolved "https://registry.yarnpkg.com/bs58/-/bs58-6.0.0.tgz#a2cda0130558535dd281a2f8697df79caaf425d8"
  integrity sha512-PD0wEnEYg6ijszw/u8s+iI3H17cTymlrwkKhDhPZq+Sokl3AU4htyBFTjAeNAlCCmg0f53g6ih3jATyCKftTfw==
  dependencies:
    base-x "^5.0.0"

bs58check@^4.0.0:
  version "4.0.0"
  resolved "https://registry.yarnpkg.com/bs58check/-/bs58check-4.0.0.tgz#46cda52a5713b7542dcb78ec2efdf78f5bf1d23c"
  integrity sha512-FsGDOnFg9aVI9erdriULkd/JjEWONV/lQE5aYziB5PoBsXRind56lh8doIZIc9X4HoxT5x4bLjMWN1/NB8Zp5g==
  dependencies:
    "@noble/hashes" "^1.2.0"
    bs58 "^6.0.0"

dotenv@^16.0.3:
  version "16.6.1"
  resolved "https://registry.yarnpkg.com/dotenv/-/dotenv-16.6.1.tgz#773f0e69527a8315c7285d5ee73c4459d20a8020"
  integrity sha512-uBq4egWHTcTt33a72vpSG0z3HnPuIl6NqYcTrKEg2azoEyl2hpW0zqlxysq2pK9HlDIHyHyakeYaYnSAwd8bow==

ecpair@^3.0.0:
  version "3.0.0"
  resolved "https://registry.yarnpkg.com/ecpair/-/ecpair-3.0.0.tgz#7a9c5fcebbefd074b3759fe0a4ee20976ead44ea"
  integrity sha512-kf4JxjsRQoD4EBzpYjGAcR0t9i/4oAeRPtyCpKvSwyotgkc6oA4E4M0/e+kep7cXe+mgxAvoeh/jdgH9h5+Wxw==
  dependencies:
    uint8array-tools "^0.0.8"
    valibot "^0.37.0"
    wif "^5.0.0"

node-fetch@^2.7.0:
  version "2.7.0"
  resolved "https://registry.yarnpkg.com/node-fetch/-/node-fetch-2.7.0.tgz#d0f0fa6e3e2dc1d27efcd8ad99d550bda94d187d"
  integrity sha512-c4FRfUm/dbcWZ7U+1Wq0AwCyFL+3nt2bEw05wfxSz+DWpWsitgmSgYmy2dQdWyKC1694ELPqMs/YzUSNozLt8A==
  dependencies:
    whatwg-url "^5.0.0"

tiny-secp256k1@^2.2.4:
  version "2.2.4"
  resolved "https://registry.yarnpkg.com/tiny-secp256k1/-/tiny-secp256k1-2.2.4.tgz#1d9e45c2facb8607847da71a0a3d9cb2fd027eb2"
  integrity sha512-FoDTcToPqZE454Q04hH9o2EhxWsm7pOSpicyHkgTwKhdKWdsTUuqfP5MLq3g+VjAtl2vSx6JpXGdwA2qpYkI0Q==
  dependencies:
    uint8array-tools "0.0.7"

tr46@~0.0.3:
  version "0.0.3"
  resolved "https://registry.yarnpkg.com/tr46/-/tr46-0.0.3.tgz#8184fd347dac9cdc185992f3a6622e14b9d9ab6a"
  integrity sha512-N3WMsuqV66lT30CrXNbEjx4GEwlow3v6rr4mCcv6prnfwhS01rkgyFdjPNBYd9br7LpXV1+Emh01fHnq2Gdgrw==

uint8array-tools@0.0.7:
  version "0.0.7"
  resolved "https://registry.yarnpkg.com/uint8array-tools/-/uint8array-tools-0.0.7.tgz#a7a2bb5d8836eae2fade68c771454e6a438b390d"
  integrity sha512-vrrNZJiusLWoFWBqz5Y5KMCgP9W9hnjZHzZiZRT8oNAkq3d5Z5Oe76jAvVVSRh4U8GGR90N2X1dWtrhvx6L8UQ==

uint8array-tools@^0.0.8:
  version "0.0.8"
  resolved "https://registry.yarnpkg.com/uint8array-tools/-/uint8array-tools-0.0.8.tgz#712bab001f8347bd782f45bc47c76ffff32d1e0b"
  integrity sha512-xS6+s8e0Xbx++5/0L+yyexukU7pz//Yg6IHg3BKhXotg1JcYtgxVcUctQ0HxLByiJzpAkNFawz1Nz5Xadzo82g==

uint8array-tools@^0.0.9:
  version "0.0.9"
  resolved "https://registry.yarnpkg.com/uint8array-tools/-/uint8array-tools-0.0.9.tgz#e29e6d05f3472273db1b0e370ac1d91e4a0a4e6f"
  integrity sha512-9vqDWmoSXOoi+K14zNaf6LBV51Q8MayF0/IiQs3GlygIKUYtog603e6virExkjjFosfJUBI4LhbQK1iq8IG11A==

valibot@^0.37.0:
  version "0.37.0"
  resolved "https://registry.yarnpkg.com/valibot/-/valibot-0.37.0.tgz#b71f597a581c716f6546a3b53cefd2829b559c55"
  integrity sha512-FQz52I8RXgFgOHym3XHYSREbNtkgSjF9prvMFH1nBsRyfL6SfCzoT1GuSDTlbsuPubM7/6Kbw0ZMQb8A+V+VsQ==

valibot@^0.38.0:
  version "0.38.0"
  resolved "https://registry.yarnpkg.com/valibot/-/valibot-0.38.0.tgz#2d035d2a5bd36e8ea8b48b56d44552ace1a7616f"
  integrity sha512-RCJa0fetnzp+h+KN9BdgYOgtsMAG9bfoJ9JSjIhFHobKWVWyzM3jjaeNTdpFK9tQtf3q1sguXeERJ/LcmdFE7w==

varuint-bitcoin@^2.0.0:
  version "2.0.0"
  resolved "https://registry.yarnpkg.com/varuint-bitcoin/-/varuint-bitcoin-2.0.0.tgz#59a53845a87ad18c42f184a3d325074465341523"
  integrity sha512-6QZbU/rHO2ZQYpWFDALCDSRsXbAs1VOEmXAxtbtjLtKuMJ/FQ8YbhfxlaiKv5nklci0M6lZtlZyxo9Q+qNnyog==
  dependencies:
    uint8array-tools "^0.0.8"

webidl-conversions@^3.0.0:
  version "3.0.1"
  resolved "https://registry.yarnpkg.com/webidl-conversions/-/webidl-conversions-3.0.1.tgz#24534275e2a7bc6be7bc86611cc16ae0a5654871"
  integrity sha512-2JAn3z8AR6rjK8Sm8orRC0h/bcl/DqL7tRPdGZ4I1CjdF+EaMLmYxBHyXuKL849eucPFhvBoxMsflfOb8kxaeQ==

whatwg-url@^5.0.0:
  version "5.0.0"
  resolved "https://registry.yarnpkg.com/whatwg-url/-/whatwg-url-5.0.0.tgz#966454e8765462e37644d3626f6742ce8b70965d"
  integrity sha512-saE57nupxk6v3HY35+jzBwYa0rKSy0XR8JSxZPwgLr7ys0IBzhGviA1/TUGJLmSVqs8pb9AnvICXEuOHLprYTw==
  dependencies:
    tr46 "~0.0.3"
    webidl-conversions "^3.0.0"

wif@^5.0.0:
  version "5.0.0"
  resolved "https://registry.yarnpkg.com/wif/-/wif-5.0.0.tgz#445e44b8f62e155144d1c970c01ca2ba3979cc3f"
  integrity sha512-iFzrC/9ne740qFbNjTZ2FciSRJlHIXoxqk/Y5EnE08QOXu1WjJyCCswwDTYbohAOEnlCtLaAAQBhyaLRFh2hMA==
  dependencies:
    bs58check "^4.0.0"
